// !$*UTF8*$!
{
	archiveVersion = 1;
	classes = {
	};
	objectVersion = 77;
	objects = {

/* Begin PBXBuildFile section */
		6B5DF09C2F26EEF4007B4E9D /* GRDB in Frameworks */ = {isa = PBXBuildFile; productRef = 6B5DF0662F26EE24007B4E9D /* GRDB */; };
		6B60C9D32F4D5C8400771941 /* Sparkle in Frameworks */ = {isa = PBXBuildFile; productRef = 6B60C8D92F4D58DF00771941 /* Sparkle */; };
/* End PBXBuildFile section */

/* Begin PBXContainerItemProxy section */
		6B5DEF7B2F26DE71007B4E9D /* PBXContainerItemProxy */ = {
			isa = PBXContainerItemProxy;
			containerPortal = 6B5DEF652F26DE6F007B4E9D /* Project object */;
			proxyType = 1;
			remoteGlobalIDString = 6B5DEF6C2F26DE6F007B4E9D;
			remoteInfo = anubis;
		};
		6B5DEF852F26DE71007B4E9D /* PBXContainerItemProxy */ = {
			isa = PBXContainerItemProxy;
			containerPortal = 6B5DEF652F26DE6F007B4E9D /* Project object */;
			proxyType = 1;
			remoteGlobalIDString = 6B5DEF6C2F26DE6F007B4E9D;
			remoteInfo = anubis;
		};
/* End PBXContainerItemProxy section */

/* Begin PBXFileReference section */
		6B5DEF6D2F26DE6F007B4E9D /* anubis.app */ = {isa = PBXFileReference; explicitFileType = wrapper.application; includeInIndex = 0; path = anubis.app; sourceTree = BUILT_PRODUCTS_DIR; };
		6B5DEF7A2F26DE71007B4E9D /* anubisTests.xctest */ = {isa = PBXFileReference; explicitFileType = wrapper.cfbundle; includeInIndex = 0; path = anubisTests.xctest; sourceTree = BUILT_PRODUCTS_DIR; };
		6B5DEF842F26DE71007B4E9D /* anubisUITests.xctest */ = {isa = PBXFileReference; explicitFileType = wrapper.cfbundle; includeInIndex = 0; path = anubisUITests.xctest; sourceTree = BUILT_PRODUCTS_DIR; };
/* End PBXFileReference section */

/* Begin PBXFileSystemSynchronizedRootGroup section */
		6B5DEF6F2F26DE6F007B4E9D /* anubis */ = {
			isa = PBXFileSystemSynchronizedRootGroup;
			path = anubis;
			sourceTree = "<group>";
		};
		6B5DEF7D2F26DE71007B4E9D /* anubisTests */ = {
			isa = PBXFileSystemSynchronizedRootGroup;
			path = anubisTests;
			sourceTree = "<group>";
		};
		6B5DEF872F26DE71007B4E9D /* anubisUITests */ = {
			isa = PBXFileSystemSynchronizedRootGroup;
			path = anubisUITests;
			sourceTree = "<group>";
		};
/* End PBXFileSystemSynchronizedRootGroup section */

/* Begin PBXFrameworksBuildPhase section */
		6B5DEF6A2F26DE6F007B4E9D /* Frameworks */ = {
			isa = PBXFrameworksBuildPhase;
			buildActionMask = 2147483647;
			files = (
				6B60C9D32F4D5C8400771941 /* Sparkle in Frameworks */,
				6B5DF09C2F26EEF4007B4E9D /* GRDB in Frameworks */,
			);
			runOnlyForDeploymentPostprocessing = 0;
		};
		6B5DEF772F26DE71007B4E9D /* Frameworks */ = {
			isa = PBXFrameworksBuildPhase;
			buildActionMask = 2147483647;
			files = (
			);
			runOnlyForDeploymentPostprocessing = 0;
		};
		6B5DEF812F26DE71007B4E9D /* Frameworks */ = {
			isa = PBXFrameworksBuildPhase;
			buildActionMask = 2147483647;
			files = (
			);
			runOnlyForDeploymentPostprocessing = 0;
		};
/* End PBXFrameworksBuildPhase section */

/* Begin PBXGroup section */
		6B5DEF642F26DE6F007B4E9D = {
			isa = PBXGroup;
			children = (
				6B5DEF6F2F26DE6F007B4E9D /* anubis */,
				6B5DEF7D2F26DE71007B4E9D /* anubisTests */,
				6B5DEF872F26DE71007B4E9D /* anubisUITests */,
				6B5DEF6E2F26DE6F007B4E9D /* Products */,
			);
			sourceTree = "<group>";
		};
		6B5DEF6E2F26DE6F007B4E9D /* Products */ = {
			isa = PBXGroup;
			children = (
				6B5DEF6D2F26DE6F007B4E9D /* anubis.app */,
				6B5DEF7A2F26DE71007B4E9D /* anubisTests.xctest */,
				6B5DEF842F26DE71007B4E9D /* anubisUITests.xctest */,
			);
			name = Products;
			sourceTree = "<group>";
		};
/* End PBXGroup section */

/* Begin PBXNativeTarget section */
		6B5DEF6C2F26DE6F007B4E9D /* anubis */ = {
			isa = PBXNativeTarget;
			buildConfigurationList = 6B5DEF8E2F26DE71007B4E9D /* Build configuration list for PBXNativeTarget "anubis" */;
			buildPhases = (
				6B5DEF692F26DE6F007B4E9D /* Sources */,
				6B5DEF6A2F26DE6F007B4E9D /* Frameworks */,
				6B5DEF6B2F26DE6F007B4E9D /* Resources */,
			);
			buildRules = (
			);
			dependencies = (
			);
			fileSystemSynchronizedGroups = (
				6B5DEF6F2F26DE6F007B4E9D /* anubis */,
			);
			name = anubis;
			packageProductDependencies = (
				6B5DF0662F26EE24007B4E9D /* GRDB */,
				6B60C8D92F4D58DF00771941 /* Sparkle */,
			);
			productName = anubis;
			productReference = 6B5DEF6D2F26DE6F007B4E9D /* anubis.app */;
			productType = "com.apple.product-type.application";
		};
		6B5DEF792F26DE71007B4E9D /* anubisTests */ = {
			isa = PBXNativeTarget;
			buildConfigurationList = 6B5DEF912F26DE71007B4E9D /* Build configuration list for PBXNativeTarget "anubisTests" */;
			buildPhases = (
				6B5DEF762F26DE71007B4E9D /* Sources */,
				6B5DEF772F26DE71007B4E9D /* Frameworks */,
				6B5DEF782F26DE71007B4E9D /* Resources */,
			);
			buildRules = (
			);
			dependencies = (
				6B5DEF7C2F26DE71007B4E9D /* PBXTargetDependency */,
			);
			fileSystemSynchronizedGroups = (
				6B5DEF7D2F26DE71007B4E9D /* anubisTests */,
			);
			name = anubisTests;
			packageProductDependencies = (
			);
			productName = anubisTests;
			productReference = 6B5DEF7A2F26DE71007B4E9D /* anubisTests.xctest */;
			productType = "com.apple.product-type.bundle.unit-test";
		};
		6B5DEF832F26DE71007B4E9D /* anubisUITests */ = {
			isa = PBXNativeTarget;
			buildConfigurationList = 6B5DEF942F26DE71007B4E9D /* Build configuration list for PBXNativeTarget "anubisUITests" */;
			buildPhases = (
				6B5DEF802F26DE71007B4E9D /* Sources */,
				6B5DEF812F26DE71007B4E9D /* Frameworks */,
				6B5DEF822F26DE71007B4E9D /* Resources */,
			);
			buildRules = (
			);
			dependencies = (
				6B5DEF862F26DE71007B4E9D /* PBXTargetDependency */,
			);
			fileSystemSynchronizedGroups = (
				6B5DEF872F26DE71007B4E9D /* anubisUITests */,
			);
			name = anubisUITests;
			packageProductDependencies = (
			);
			productName = anubisUITests;
			productReference = 6B5DEF842F26DE71007B4E9D /* anubisUITests.xctest */;
			productType = "com.apple.product-type.bundle.ui-testing";
		};
/* End PBXNativeTarget section */

/* Begin PBXProject section */
		6B5DEF652F26DE6F007B4E9D /* Project object */ = {
			isa = PBXProject;
			attributes = {
				BuildIndependentTargetsInParallel = 1;
				LastSwiftUpdateCheck = 2620;
				LastUpgradeCheck = 2620;
				TargetAttributes = {
					6B5DEF6C2F26DE6F007B4E9D = {
						CreatedOnToolsVersion = 26.2;
					};
					6B5DEF792F26DE71007B4E9D = {
						CreatedOnToolsVersion = 26.2;
						TestTargetID = 6B5DEF6C2F26DE6F007B4E9D;
					};
					6B5DEF832F26DE71007B4E9D = {
						CreatedOnToolsVersion = 26.2;
						TestTargetID = 6B5DEF6C2F26DE6F007B4E9D;
					};
				};
			};
			buildConfigurationList = 6B5DEF682F26DE6F007B4E9D /* Build configuration list for PBXProject "anubis" */;
			developmentRegion = en;
			hasScannedForEncodings = 0;
			knownRegions = (
				en,
				Base,
			);
			mainGroup = 6B5DEF642F26DE6F007B4E9D;
			minimizedProjectReferenceProxies = 1;
			packageReferences = (
				6B5DF0652F26EE24007B4E9D /* XCRemoteSwiftPackageReference "GRDB.swift" */,
				6B60C8D82F4D58DF00771941 /* XCRemoteSwiftPackageReference "Sparkle" */,
			);
			preferredProjectObjectVersion = 77;
			productRefGroup = 6B5DEF6E2F26DE6F007B4E9D /* Products */;
			projectDirPath = "";
			projectRoot = "";
			targets = (
				6B5DEF6C2F26DE6F007B4E9D /* anubis */,
				6B5DEF792F26DE71007B4E9D /* anubisTests */,
				6B5DEF832F26DE71007B4E9D /* anubisUITests */,
			);
		};
/* End PBXProject section */

/* Begin PBXResourcesBuildPhase section */
		6B5DEF6B2F26DE6F007B4E9D /* Resources */ = {
			isa = PBXResourcesBuildPhase;
			buildActionMask = 2147483647;
			files = (
			);
			runOnlyForDeploymentPostprocessing = 0;
		};
		6B5DEF782F26DE71007B4E9D /* Resources */ = {
			isa = PBXResourcesBuildPhase;
			buildActionMask = 2147483647;
			files = (
			);
			runOnlyForDeploymentPostprocessing = 0;
		};
		6B5DEF822F26DE71007B4E9D /* Resources */ = {
			isa = PBXResourcesBuildPhase;
			buildActionMask = 2147483647;
			files = (
			);
			runOnlyForDeploymentPostprocessing = 0;
		};
/* End PBXResourcesBuildPhase section */

/* Begin PBXSourcesBuildPhase section */
		6B5DEF692F26DE6F007B4E9D /* Sources */ = {
			isa = PBXSourcesBuildPhase;
			buildActionMask = 2147483647;
			files = (
			);
			runOnlyForDeploymentPostprocessing = 0;
		};
		6B5DEF762F26DE71007B4E9D /* Sources */ = {
			isa = PBXSourcesBuildPhase;
			buildActionMask = 2147483647;
			files = (
			);
			runOnlyForDeploymentPostprocessing = 0;
		};
		6B5DEF802F26DE71007B4E9D /* Sources */ = {
			isa = PBXSourcesBuildPhase;
			buildActionMask = 2147483647;
			files = (
			);
			runOnlyForDeploymentPostprocessing = 0;
		};
/* End PBXSourcesBuildPhase section */

/* Begin PBXTargetDependency section */
		6B5DEF7C2F26DE71007B4E9D /* PBXTargetDependency */ = {
			isa = PBXTargetDependency;
			target = 6B5DEF6C2F26DE6F007B4E9D /* anubis */;
			targetProxy = 6B5DEF7B2F26DE71007B4E9D /* PBXContainerItemProxy */;
		};
		6B5DEF862F26DE71007B4E9D /* PBXTargetDependency */ = {
			isa = PBXTargetDependency;
			target = 6B5DEF6C2F26DE6F007B4E9D /* anubis */;
			targetProxy = 6B5DEF852F26DE71007B4E9D /* PBXContainerItemProxy */;
		};
/* End PBXTargetDependency section */

/* Begin XCBuildConfiguration section */
		6B5DEF8C2F26DE71007B4E9D /* Debug */ = {
			isa = XCBuildConfiguration;
			buildSettings = {
				ALWAYS_SEARCH_USER_PATHS = NO;
				ASSETCATALOG_COMPILER_GENERATE_SWIFT_ASSET_SYMBOL_EXTENSIONS = YES;
				CLANG_ANALYZER_NONNULL = YES;
				CLANG_ANALYZER_NUMBER_OBJECT_CONVERSION = YES_AGGRESSIVE;
				CLANG_CXX_LANGUAGE_STANDARD = "gnu++20";
				CLANG_ENABLE_MODULES = YES;
				CLANG_ENABLE_OBJC_ARC = YES;
				CLANG_ENABLE_OBJC_WEAK = YES;
				CLANG_WARN_BLOCK_CAPTURE_AUTORELEASING = YES;
				CLANG_WARN_BOOL_CONVERSION = YES;
				CLANG_WARN_COMMA = YES;
				CLANG_WARN_CONSTANT_CONVERSION = YES;
				CLANG_WARN_DEPRECATED_OBJC_IMPLEMENTATIONS = YES;
				CLANG_WARN_DIRECT_OBJC_ISA_USAGE = YES_ERROR;
				CLANG_WARN_DOCUMENTATION_COMMENTS = YES;
				CLANG_WARN_EMPTY_BODY = YES;
				CLANG_WARN_ENUM_CONVERSION = YES;
				CLANG_WARN_INFINITE_RECURSION = YES;
				CLANG_WARN_INT_CONVERSION = YES;
				CLANG_WARN_NON_LITERAL_NULL_CONVERSION = YES;
				CLANG_WARN_OBJC_IMPLICIT_RETAIN_SELF = YES;
				CLANG_WARN_OBJC_LITERAL_CONVERSION = YES;
				CLANG_WARN_OBJC_ROOT_CLASS = YES_ERROR;
				CLANG_WARN_QUOTED_INCLUDE_IN_FRAMEWORK_HEADER = YES;
				CLANG_WARN_RANGE_LOOP_ANALYSIS = YES;
				CLANG_WARN_STRICT_PROTOTYPES = YES;
				CLANG_WARN_SUSPICIOUS_MOVE = YES;
				CLANG_WARN_UNGUARDED_AVAILABILITY = YES_AGGRESSIVE;
				CLANG_WARN_UNREACHABLE_CODE = YES;
				CLANG_WARN__DUPLICATE_METHOD_MATCH = YES;
				COPY_PHASE_STRIP = NO;
				DEBUG_INFORMATION_FORMAT = dwarf;
				DEVELOPMENT_TEAM = "";
				ENABLE_STRICT_OBJC_MSGSEND = YES;
				ENABLE_TESTABILITY = YES;
				ENABLE_USER_SCRIPT_SANDBOXING = YES;
				GCC_C_LANGUAGE_STANDARD = gnu17;
				GCC_DYNAMIC_NO_PIC = NO;
				GCC_NO_COMMON_BLOCKS = YES;
				GCC_OPTIMIZATION_LEVEL = 0;
				GCC_PREPROCESSOR_DEFINITIONS = (
					"DEBUG=1",
					"$(inherited)",
				);
				GCC_WARN_64_TO_32_BIT_CONVERSION = YES;
				GCC_WARN_ABOUT_RETURN_TYPE = YES_ERROR;
				GCC_WARN_UNDECLARED_SELECTOR = YES;
				GCC_WARN_UNINITIALIZED_AUTOS = YES_AGGRESSIVE;
				GCC_WARN_UNUSED_FUNCTION = YES;
				GCC_WARN_UNUSED_VARIABLE = YES;
				IPHONEOS_DEPLOYMENT_TARGET = 26.2;
				LOCALIZATION_PREFERS_STRING_CATALOGS = YES;
				MTL_ENABLE_DEBUG_INFO = INCLUDE_SOURCE;
				MTL_FAST_MATH = YES;
				ONLY_ACTIVE_ARCH = NO;
				SDKROOT = macosx;
				SWIFT_ACTIVE_COMPILATION_CONDITIONS = "DEBUG $(inherited)";
				SWIFT_OPTIMIZATION_LEVEL = "-Onone";
			};
			name = Debug;
		};
		6B5DEF8D2F26DE71007B4E9D /* Release */ = {
			isa = XCBuildConfiguration;
			buildSettings = {
				ALWAYS_SEARCH_USER_PATHS = NO;
				ASSETCATALOG_COMPILER_GENERATE_SWIFT_ASSET_SYMBOL_EXTENSIONS = YES;
				CLANG_ANALYZER_NONNULL = YES;
				CLANG_ANALYZER_NUMBER_OBJECT_CONVERSION = YES_AGGRESSIVE;
				CLANG_CXX_LANGUAGE_STANDARD = "gnu++20";
				CLANG_ENABLE_MODULES = YES;
				CLANG_ENABLE_OBJC_ARC = YES;
				CLANG_ENABLE_OBJC_WEAK = YES;
				CLANG_WARN_BLOCK_CAPTURE_AUTORELEASING = YES;
				CLANG_WARN_BOOL_CONVERSION = YES;
				CLANG_WARN_COMMA = YES;
				CLANG_WARN_CONSTANT_CONVERSION = YES;
				CLANG_WARN_DEPRECATED_OBJC_IMPLEMENTATIONS = YES;
				CLANG_WARN_DIRECT_OBJC_ISA_USAGE = YES_ERROR;
				CLANG_WARN_DOCUMENTATION_COMMENTS = YES;
				CLANG_WARN_EMPTY_BODY = YES;
				CLANG_WARN_ENUM_CONVERSION = YES;
				CLANG_WARN_INFINITE_RECURSION = YES;
				CLANG_WARN_INT_CONVERSION = YES;
				CLANG_WARN_NON_LITERAL_NULL_CONVERSION = YES;
				CLANG_WARN_OBJC_IMPLICIT_RETAIN_SELF = YES;
				CLANG_WARN_OBJC_LITERAL_CONVERSION = YES;
				CLANG_WARN_OBJC_ROOT_CLASS = YES_ERROR;
				CLANG_WARN_QUOTED_INCLUDE_IN_FRAMEWORK_HEADER = YES;
				CLANG_WARN_RANGE_LOOP_ANALYSIS = YES;
				CLANG_WARN_STRICT_PROTOTYPES = YES;
				CLANG_WARN_SUSPICIOUS_MOVE = YES;
				CLANG_WARN_UNGUARDED_AVAILABILITY = YES_AGGRESSIVE;
				CLANG_WARN_UNREACHABLE_CODE = YES;
				CLANG_WARN__DUPLICATE_METHOD_MATCH = YES;
				COPY_PHASE_STRIP = NO;
				DEBUG_INFORMATION_FORMAT = "dwarf-with-dsym";
				DEVELOPMENT_TEAM = "";
				ENABLE_NS_ASSERTIONS = NO;
				ENABLE_STRICT_OBJC_MSGSEND = YES;
				ENABLE_USER_SCRIPT_SANDBOXING = YES;
				GCC_C_LANGUAGE_STANDARD = gnu17;
				GCC_NO_COMMON_BLOCKS = YES;
				GCC_WARN_64_TO_32_BIT_CONVERSION = YES;
				GCC_WARN_ABOUT_RETURN_TYPE = YES_ERROR;
				GCC_WARN_UNDECLARED_SELECTOR = YES;
				GCC_WARN_UNINITIALIZED_AUTOS = YES_AGGRESSIVE;
				GCC_WARN_UNUSED_FUNCTION = YES;
				GCC_WARN_UNUSED_VARIABLE = YES;
				IPHONEOS_DEPLOYMENT_TARGET = 26.2;
				LOCALIZATION_PREFERS_STRING_CATALOGS = YES;
				MTL_ENABLE_DEBUG_INFO = NO;
				MTL_FAST_MATH = YES;
				SDKROOT = macosx;
				SWIFT_COMPILATION_MODE = wholemodule;
				VALIDATE_PRODUCT = YES;
			};
			name = Release;
		};
		6B5DEF8F2F26DE71007B4E9D /* Debug */ = {
			isa = XCBuildConfiguration;
			buildSettings = {
				ASSETCATALOG_COMPILER_APPICON_NAME = AppIcon;
				ASSETCATALOG_COMPILER_GLOBAL_ACCENT_COLOR_NAME = AccentColor;
				CODE_SIGN_ENTITLEMENTS = anubis/anubis.entitlements;
				"CODE_SIGN_IDENTITY[sdk=macosx*]" = "Apple Development";
				CODE_SIGN_STYLE = Automatic;
				CURRENT_PROJECT_VERSION = 2.1;
				DEVELOPMENT_TEAM = J7NK5LQP48;
				ENABLE_APP_SANDBOX = NO;
				ENABLE_HARDENED_RUNTIME = YES;
				ENABLE_INCOMING_NETWORK_CONNECTIONS = NO;
				ENABLE_OUTGOING_NETWORK_CONNECTIONS = YES;
				ENABLE_PREVIEWS = YES;
				ENABLE_RESOURCE_ACCESS_AUDIO_INPUT = NO;
				ENABLE_RESOURCE_ACCESS_BLUETOOTH = NO;
				ENABLE_RESOURCE_ACCESS_CALENDARS = NO;
				ENABLE_RESOURCE_ACCESS_CAMERA = NO;
				ENABLE_RESOURCE_ACCESS_CONTACTS = NO;
				ENABLE_RESOURCE_ACCESS_LOCATION = NO;
				ENABLE_RESOURCE_ACCESS_PRINTING = NO;
				ENABLE_RESOURCE_ACCESS_USB = NO;
				ENABLE_USER_SELECTED_FILES = readwrite;
				GENERATE_INFOPLIST_FILE = YES;
				INFOPLIST_FILE = anubis/Info.plist;
				INFOPLIST_KEY_CFBundleDisplayName = "Anubis OSS";
				INFOPLIST_KEY_LSApplicationCategoryType = "public.app-category.developer-tools";
				LD_RUNPATH_SEARCH_PATHS = (
					"$(inherited)",
					"@executable_path/Frameworks",
				);
				MACOSX_DEPLOYMENT_TARGET = 15.0;
				MARKETING_VERSION = 2.1;
				ONLY_ACTIVE_ARCH = NO;
				PRODUCT_BUNDLE_IDENTIFIER = com.uncsoft.anubisoss;
				PRODUCT_NAME = "$(TARGET_NAME)";
				REGISTER_APP_GROUPS = YES;
				STRING_CATALOG_GENERATE_SYMBOLS = YES;
				SUPPORTED_PLATFORMS = macosx;
				SUPPORTS_MACCATALYST = NO;
				SUPPORTS_MAC_DESIGNED_FOR_IPHONE_IPAD = NO;
				SUPPORTS_XR_DESIGNED_FOR_IPHONE_IPAD = NO;
				SWIFT_APPROACHABLE_CONCURRENCY = YES;
				SWIFT_DEFAULT_ACTOR_ISOLATION = MainActor;
				SWIFT_EMIT_LOC_STRINGS = YES;
				SWIFT_UPCOMING_FEATURE_MEMBER_IMPORT_VISIBILITY = YES;
				SWIFT_VERSION = 5.0;
			};
			name = Debug;
		};
		6B5DEF902F26DE71007B4E9D /* Release */ = {
			isa = XCBuildConfiguration;
			buildSettings = {
				ASSETCATALOG_COMPILER_APPICON_NAME = AppIcon;
				ASSETCATALOG_COMPILER_GLOBAL_ACCENT_COLOR_NAME = AccentColor;
				CODE_SIGN_ENTITLEMENTS = anubis/anubis.entitlements;
				"CODE_SIGN_IDENTITY[sdk=macosx*]" = "Apple Development";
				CODE_SIGN_STYLE = Automatic;
				CURRENT_PROJECT_VERSION = 2.1;
				DEVELOPMENT_TEAM = J7NK5LQP48;
				ENABLE_APP_SANDBOX = NO;
				ENABLE_HARDENED_RUNTIME = YES;
				ENABLE_INCOMING_NETWORK_CONNECTIONS = NO;
				ENABLE_OUTGOING_NETWORK_CONNECTIONS = YES;
				ENABLE_PREVIEWS = YES;
				ENABLE_RESOURCE_ACCESS_AUDIO_INPUT = NO;
				ENABLE_RESOURCE_ACCESS_BLUETOOTH = NO;
				ENABLE_RESOURCE_ACCESS_CALENDARS = NO;
				ENABLE_RESOURCE_ACCESS_CAMERA = NO;
				ENABLE_RESOURCE_ACCESS_CONTACTS = NO;
				ENABLE_RESOURCE_ACCESS_LOCATION = NO;
				ENABLE_RESOURCE_ACCESS_PRINTING = NO;
				ENABLE_RESOURCE_ACCESS_USB = NO;
				ENABLE_USER_SELECTED_FILES = readwrite;
				GENERATE_INFOPLIST_FILE = YES;
				INFOPLIST_FILE = anubis/Info.plist;
				INFOPLIST_KEY_CFBundleDisplayName = "Anubis OSS";
				INFOPLIST_KEY_LSApplicationCategoryType = "public.app-category.developer-tools";
				LD_RUNPATH_SEARCH_PATHS = (
					"$(inherited)",
					"@executable_path/Frameworks",
				);
				MACOSX_DEPLOYMENT_TARGET = 15.0;
				MARKETING_VERSION = 2.1;
				PRODUCT_BUNDLE_IDENTIFIER = com.uncsoft.anubisoss;
				PRODUCT_NAME = "$(TARGET_NAME)";
				REGISTER_APP_GROUPS = YES;
				STRING_CATALOG_GENERATE_SYMBOLS = YES;
				SUPPORTED_PLATFORMS = macosx;
				SUPPORTS_MACCATALYST = NO;
				SUPPORTS_MAC_DESIGNED_FOR_IPHONE_IPAD = NO;
				SUPPORTS_XR_DESIGNED_FOR_IPHONE_IPAD = NO;
				SWIFT_APPROACHABLE_CONCURRENCY = YES;
				SWIFT_DEFAULT_ACTOR_ISOLATION = MainActor;
				SWIFT_EMIT_LOC_STRINGS = YES;
				SWIFT_UPCOMING_FEATURE_MEMBER_IMPORT_VISIBILITY = YES;
				SWIFT_VERSION = 5.0;
			};
			name = Release;
		};
		6B5DEF922F26DE71007B4E9D /* Debug */ = {
			isa = XCBuildConfiguration;
			buildSettings = {
				BUNDLE_LOADER = "$(TEST_HOST)";
				CODE_SIGN_STYLE = Automatic;
				CURRENT_PROJECT_VERSION = 1;
				DEVELOPMENT_TEAM = "";
				GENERATE_INFOPLIST_FILE = YES;
				IPHONEOS_DEPLOYMENT_TARGET = 26.2;
				MARKETING_VERSION = 1.0;
				PRODUCT_BUNDLE_IDENTIFIER = jt.anubisTests;
				PRODUCT_NAME = "$(TARGET_NAME)";
				STRING_CATALOG_GENERATE_SYMBOLS = NO;
				SWIFT_APPROACHABLE_CONCURRENCY = YES;
				SWIFT_EMIT_LOC_STRINGS = NO;
				SWIFT_UPCOMING_FEATURE_MEMBER_IMPORT_VISIBILITY = YES;
				SWIFT_VERSION = 5.0;
				TARGETED_DEVICE_FAMILY = "1,2";
				TEST_HOST = "$(BUILT_PRODUCTS_DIR)/anubis.app/$(BUNDLE_EXECUTABLE_FOLDER_PATH)/anubis";
			};
			name = Debug;
		};
		6B5DEF932F26DE71007B4E9D /* Release */ = {
			isa = XCBuildConfiguration;
			buildSettings = {
				BUNDLE_LOADER = "$(TEST_HOST)";
				CODE_SIGN_STYLE = Automatic;
				CURRENT_PROJECT_VERSION = 1;
				DEVELOPMENT_TEAM = "";
				GENERATE_INFOPLIST_FILE = YES;
				IPHONEOS_DEPLOYMENT_TARGET = 26.2;
				MARKETING_VERSION = 1.0;
				PRODUCT_BUNDLE_IDENTIFIER = jt.anubisTests;
				PRODUCT_NAME = "$(TARGET_NAME)";
				STRING_CATALOG_GENERATE_SYMBOLS = NO;
				SWIFT_APPROACHABLE_CONCURRENCY = YES;
				SWIFT_EMIT_LOC_STRINGS = NO;
				SWIFT_UPCOMING_FEATURE_MEMBER_IMPORT_VISIBILITY = YES;
				SWIFT_VERSION = 5.0;
				TARGETED_DEVICE_FAMILY = "1,2";
				TEST_HOST = "$(BUILT_PRODUCTS_DIR)/anubis.app/$(BUNDLE_EXECUTABLE_FOLDER_PATH)/anubis";
			};
			name = Release;
		};
		6B5DEF952F26DE71007B4E9D /* Debug */ = {
			isa = XCBuildConfiguration;
			buildSettings = {
				CODE_SIGN_STYLE = Automatic;
				CURRENT_PROJECT_VERSION = 1;
				DEVELOPMENT_TEAM = "";
				GENERATE_INFOPLIST_FILE = YES;
				MARKETING_VERSION = 1.0;
				PRODUCT_BUNDLE_IDENTIFIER = jt.anubisUITests;
				PRODUCT_NAME = "$(TARGET_NAME)";
				STRING_CATALOG_GENERATE_SYMBOLS = NO;
				SWIFT_APPROACHABLE_CONCURRENCY = YES;
				SWIFT_EMIT_LOC_STRINGS = NO;
				SWIFT_UPCOMING_FEATURE_MEMBER_IMPORT_VISIBILITY = YES;
				SWIFT_VERSION = 5.0;
				TARGETED_DEVICE_FAMILY = "1,2";
				TEST_TARGET_NAME = anubis;
			};
			name = Debug;
		};
		6B5DEF962F26DE71007B4E9D /* Release */ = {
			isa = XCBuildConfiguration;
			buildSettings = {
				CODE_SIGN_STYLE = Automatic;
				CURRENT_PROJECT_VERSION = 1;
				DEVELOPMENT_TEAM = "";
				GENERATE_INFOPLIST_FILE = YES;
				MARKETING_VERSION = 1.0;
				PRODUCT_BUNDLE_IDENTIFIER = jt.anubisUITests;
				PRODUCT_NAME = "$(TARGET_NAME)";
				STRING_CATALOG_GENERATE_SYMBOLS = NO;
				SWIFT_APPROACHABLE_CONCURRENCY = YES;
				SWIFT_EMIT_LOC_STRINGS = NO;
				SWIFT_UPCOMING_FEATURE_MEMBER_IMPORT_VISIBILITY = YES;
				SWIFT_VERSION = 5.0;
				TARGETED_DEVICE_FAMILY = "1,2";
				TEST_TARGET_NAME = anubis;
			};
			name = Release;
		};
/* End XCBuildConfiguration section */

/* Begin XCConfigurationList section */
		6B5DEF682F26DE6F007B4E9D /* Build configuration list for PBXProject "anubis" */ = {
			isa = XCConfigurationList;
			buildConfigurations = (
				6B5DEF8C2F26DE71007B4E9D /* Debug */,
				6B5DEF8D2F26DE71007B4E9D /* Release */,
			);
			defaultConfigurationIsVisible = 0;
			defaultConfigurationName = Release;
		};
		6B5DEF8E2F26DE71007B4E9D /* Build configuration list for PBXNativeTarget "anubis" */ = {
			isa = XCConfigurationList;
			buildConfigurations = (
				6B5DEF8F2F26DE71007B4E9D /* Debug */,
				6B5DEF902F26DE71007B4E9D /* Release */,
			);
			defaultConfigurationIsVisible = 0;
			defaultConfigurationName = Release;
		};
		6B5DEF912F26DE71007B4E9D /* Build configuration list for PBXNativeTarget "anubisTests" */ = {
			isa = XCConfigurationList;
			buildConfigurations = (
				6B5DEF922F26DE71007B4E9D /* Debug */,
				6B5DEF932F26DE71007B4E9D /* Release */,
			);
			defaultConfigurationIsVisible = 0;
			defaultConfigurationName = Release;
		};
		6B5DEF942F26DE71007B4E9D /* Build configuration list for PBXNativeTarget "anubisUITests" */ = {
			isa = XCConfigurationList;
			buildConfigurations = (
				6B5DEF952F26DE71007B4E9D /* Debug */,
				6B5DEF962F26DE71007B4E9D /* Release */,
			);
			defaultConfigurationIsVisible = 0;
			defaultConfigurationName = Release;
		};
/* End XCConfigurationList section */

/* Begin XCRemoteSwiftPackageReference section */
		6B5DF0652F26EE24007B4E9D /* XCRemoteSwiftPackageReference "GRDB.swift" */ = {
			isa = XCRemoteSwiftPackageReference;
			repositoryURL = "https://github.com/groue/GRDB.swift.git";
			requirement = {
				branch = master;
				kind = branch;
			};
		};
		6B60C8D82F4D58DF00771941 /* XCRemoteSwiftPackageReference "Sparkle" */ = {
			isa = XCRemoteSwiftPackageReference;
			repositoryURL = "https://github.com/sparkle-project/Sparkle.git";
			requirement = {
				kind = upToNextMajorVersion;
				minimumVersion = 2.7.0;
			};
		};
/* End XCRemoteSwiftPackageReference section */

/* Begin XCSwiftPackageProductDependency section */
		6B5DF0662F26EE24007B4E9D /* GRDB */ = {
			isa = XCSwiftPackageProductDependency;
			package = 6B5DF0652F26EE24007B4E9D /* XCRemoteSwiftPackageReference "GRDB.swift" */;
			productName = GRDB;
		};
		6B60C8D92F4D58DF00771941 /* Sparkle */ = {
			isa = XCSwiftPackageProductDependency;
			package = 6B60C8D82F4D58DF00771941 /* XCRemoteSwiftPackageReference "Sparkle" */;
			productName = Sparkle;
		};
/* End XCSwiftPackageProductDependency section */
	};
	rootObject = 6B5DEF652F26DE6F007B4E9D /* Project object */;
}
